<?xml version="1.0" encoding="utf-8"?>
<Project ToolsVersion="4.0" xmlns="http://schemas.microsoft.com/developer/msbuild/2003">
  <ItemGroup>
    <Filter Include="Source Files">
      <UniqueIdentifier>{4FC737F1-C7A5-4376-A066-2A32D752A2FF}</UniqueIdentifier>
      <Extensions>cpp;c;cc;cxx;def;odl;idl;hpj;bat;asm;asmx</Extensions>
    </Filter>
    <Filter Include="Source Files\Game">
      <UniqueIdentifier>{4ba8b1a7-5299-42d6-9ed8-18f7ae554c01}</UniqueIdentifier>
    </Filter>
    <Filter Include="Source Files\GameUtils">
      <UniqueIdentifier>{03d41943-a30d-49d1-a567-bfce71268fad}</UniqueIdentifier>
    </Filter>
    <Filter Include="Source Files\Graphics">
      <UniqueIdentifier>{29d2e6dd-7668-4f7a-8ef3-e1874514aef0}</UniqueIdentifier>
    </Filter>
    <Filter Include="Source Files\Logic">
      <UniqueIdentifier>{2cffbcc6-2d93-4ddc-912f-aa3fbb83e79a}</UniqueIdentifier>
    </Filter>
    <Filter Include="Source Files\Logic\Components">
      <UniqueIdentifier>{7bf10426-519f-4794-8a76-3068648bb73b}</UniqueIdentifier>
    </Filter>
    <Filter Include="Source Files\Logic\Messages">
      <UniqueIdentifier>{8ad87477-19dc-4b7e-9a0d-3316def35c92}</UniqueIdentifier>
    </Filter>
  </ItemGroup>
  <ItemGroup>
    <ClCompile Include="..\..\source\Game\Game.cpp">
      <Filter>Source Files\Game</Filter>
    </ClCompile>
    <ClCompile Include="..\..\source\Game\main.cpp">
      <Filter>Source Files\Game</Filter>
    </ClCompile>
    <ClCompile Include="..\..\source\GameUtils\FileUtils.cpp">
      <Filter>Source Files\GameUtils</Filter>
    </ClCompile>
    <ClCompile Include="..\..\source\GameUtils\TimeManager.cpp">
      <Filter>Source Files\GameUtils</Filter>
    </ClCompile>
    <ClCompile Include="..\..\source\Graphics\Frame.cpp">
      <Filter>Source Files\Graphics</Filter>
    </ClCompile>
    <ClCompile Include="..\..\source\Graphics\FrameAnimation.cpp">
      <Filter>Source Files\Graphics</Filter>
    </ClCompile>
    <ClCompile Include="..\..\source\Graphics\FrameAnimationSet.cpp">
      <Filter>Source Files\Graphics</Filter>
    </ClCompile>
    <ClCompile Include="..\..\source\Graphics\GraphicsManager.cpp">
      <Filter>Source Files\Graphics</Filter>
    </ClCompile>
    <ClCompile Include="..\..\source\Logic\Entity.cpp">
      <Filter>Source Files\Logic</Filter>
    </ClCompile>
    <ClCompile Include="..\..\source\Logic\Hero.cpp">
      <Filter>Source Files\Logic</Filter>
    </ClCompile>
    <ClCompile Include="..\..\source\Logic\StaticEntity.cpp">
      <Filter>Source Files\Logic</Filter>
    </ClCompile>
    <ClCompile Include="..\..\source\GameUtils\InputManager.cpp">
      <Filter>Source Files\GameUtils</Filter>
    </ClCompile>
    <ClCompile Include="..\..\source\Logic\BaseComponent.cpp">
      <Filter>Source Files\Logic</Filter>
    </ClCompile>
    <ClCompile Include="..\..\source\Logic\MessageDispatcher.cpp">
      <Filter>Source Files\Logic</Filter>
    </ClCompile>
    <ClCompile Include="..\..\source\Logic\HeroController.cpp">
      <Filter>Source Files\Logic\Components</Filter>
    </ClCompile>
  </ItemGroup>
  <ItemGroup>
    <ClInclude Include="..\..\source\Game\Game.h">
      <Filter>Source Files\Game</Filter>
    </ClInclude>
    <ClInclude Include="..\..\source\GameUtils\FileUtils.h">
      <Filter>Source Files\GameUtils</Filter>
    </ClInclude>
    <ClInclude Include="..\..\source\GameUtils\Globals.h">
      <Filter>Source Files\GameUtils</Filter>
    </ClInclude>
    <ClInclude Include="..\..\source\GameUtils\TimeManager.h">
      <Filter>Source Files\GameUtils</Filter>
    </ClInclude>
    <ClInclude Include="..\..\source\Graphics\Frame.h">
      <Filter>Source Files\Graphics</Filter>
    </ClInclude>
    <ClInclude Include="..\..\source\Graphics\FrameAnimation.h">
      <Filter>Source Files\Graphics</Filter>
    </ClInclude>
    <ClInclude Include="..\..\source\Graphics\FrameAnimationSet.h">
      <Filter>Source Files\Graphics</Filter>
    </ClInclude>
    <ClInclude Include="..\..\source\Graphics\GraphicsManager.h">
      <Filter>Source Files\Graphics</Filter>
    </ClInclude>
    <ClInclude Include="..\..\source\Logic\Entity.h">
      <Filter>Source Files\Logic</Filter>
    </ClInclude>
    <ClInclude Include="..\..\source\Logic\Hero.h">
      <Filter>Source Files\Logic</Filter>
    </ClInclude>
    <ClInclude Include="..\..\source\Logic\StaticEntity.h">
      <Filter>Source Files\Logic</Filter>
    </ClInclude>
    <ClInclude Include="..\..\source\GameUtils\InputManager.h">
      <Filter>Source Files\GameUtils</Filter>
    </ClInclude>
    <ClInclude Include="..\..\source\Logic\BaseComponent.h">
      <Filter>Source Files\Logic</Filter>
    </ClInclude>
    <ClInclude Include="..\..\source\Logic\MessageDispatcher.h">
      <Filter>Source Files\Logic</Filter>
    </ClInclude>
    <ClInclude Include="..\..\source\Logic\HeroController.h">
      <Filter>Source Files\Logic\Components</Filter>
    </ClInclude>
    <ClInclude Include="..\..\source\Logic\MessageMove.h">
      <Filter>Source Files\Logic\Messages</Filter>
    </ClInclude>
  </ItemGroup>
</Project>